
Microsoft Visual Studio Solution File, Format Version 12.00
# Visual Studio Version 17
VisualStudioVersion = 17.9.34622.214
MinimumVisualStudioVersion = 10.0.40219.1
Project("{9A19103F-16F7-4668-BE54-9A1E7A4F7556}") = "WebApp001", "WebApp001\WebApp001.csproj", "{7B3E576C-3A80-4C82-A5C9-DBBE4A7C7CB0}"
EndProject
Global
	GlobalSection(SolutionConfigurationPlatforms) = preSolution
		Debug|Any CPU = Debug|Any CPU
		Release|Any CPU = Release|Any CPU
	EndGlobalSection
	GlobalSection(ProjectConfigurationPlatforms) = postSolution
		{7B3E576C-3A80-4C82-A5C9-DBBE4A7C7CB0}.Debug|Any CPU.ActiveCfg = Debug|Any CPU
		{7B3E576C-3A80-4C82-A5C9-DBBE4A7C7CB0}.Debug|Any CPU.Build.0 = Debug|Any CPU
		{7B3E576C-3A80-4C82-A5C9-DBBE4A7C7CB0}.Release|Any CPU.ActiveCfg = Release|Any CPU
		{7B3E576C-3A80-4C82-A5C9-DBBE4A7C7CB0}.Release|Any CPU.Build.0 = Release|Any CPU
	EndGlobalSection
	GlobalSection(SolutionProperties) = preSolution
		HideSolutionNode = FALSE
	EndGlobalSection
	GlobalSection(ExtensibilityGlobals) = postSolution
		SolutionGuid = {4AF89C0D-0CD0-4E41-A3C2-6F3C94D7F021}
	EndGlobalSection
EndGlobal
